{
  "pins" : [
    {
      "identity" : "enablexwebrtc",
      "kind" : "remoteSourceControl",
      "location" : "https://github.com/EnableX/EnablexWebRTC.git",
      "state" : {
        "revision" : "1b52de85e484ef8e41ed18eb26f7506aca4b8afa",
        "version" : "2.0.2"
      }
    }
  ],
  "version" : 2
}
