{
  "pins" : [
    {
      "identity" : "enablexwebrtc",
      "kind" : "remoteSourceControl",
      "location" : "https://github.com/EnableX/EnablexWebRTC.git",
      "state" : {
        "revision" : "6afba4515864465e411228eba55a0d7d29f76e86",
        "version" : "1.0.4"
      }
    }
  ],
  "version" : 2
}
